
Microsoft Visual Studio Solution File, Format Version 12.00
# Visual Studio Version 16
VisualStudioVersion = 16.0.30803.129
MinimumVisualStudioVersion = 10.0.40219.1
Project("{FAE04EC0-301F-11D3-BF4B-00C04F79EFBC}") = "PhotoSorter", "PhotoSorter\PhotoSorter.csproj", "{4EFFD22C-9815-4E16-8B2D-8D19445BA302}"
EndProject
Global
	GlobalSection(SolutionConfigurationPlatforms) = preSolution
		Debug|Any CPU = Debug|Any CPU
		Release|Any CPU = Release|Any CPU
	EndGlobalSection
	GlobalSection(ProjectConfigurationPlatforms) = postSolution
		{4EFFD22C-9815-4E16-8B2D-8D19445BA302}.Debug|Any CPU.ActiveCfg = Debug|Any CPU
		{4EFFD22C-9815-4E16-8B2D-8D19445BA302}.Debug|Any CPU.Build.0 = Debug|Any CPU
		{4EFFD22C-9815-4E16-8B2D-8D19445BA302}.Release|Any CPU.ActiveCfg = Release|Any CPU
		{4EFFD22C-9815-4E16-8B2D-8D19445BA302}.Release|Any CPU.Build.0 = Release|Any CPU
	EndGlobalSection
	GlobalSection(SolutionProperties) = preSolution
		HideSolutionNode = FALSE
	EndGlobalSection
	GlobalSection(ExtensibilityGlobals) = postSolution
		SolutionGuid = {A4CC03FA-1018-44F3-B65F-DC18F24C3B1E}
	EndGlobalSection
EndGlobal
